
Microsoft Visual Studio Solution File, Format Version 12.00
# Visual Studio Version 16
VisualStudioVersion = 16.0.29709.97
MinimumVisualStudioVersion = 10.0.40219.1
Project("{8BC9CEB8-8B4A-11D0-8D11-00A0C91BC942}") = "client", "client\client\client.vcxproj", "{C5303545-988E-4001-93CF-17B516670596}"
EndProject
Project("{8BC9CEB8-8B4A-11D0-8D11-00A0C91BC942}") = "curves", "curves\curves\curves.vcxproj", "{10A5F87F-385C-411B-83F9-3586F3200ADB}"
EndProject
Global
	GlobalSection(SolutionConfigurationPlatforms) = preSolution
		Debug|x64 = Debug|x64
		Debug|x86 = Debug|x86
		Release|x64 = Release|x64
		Release|x86 = Release|x86
	EndGlobalSection
	GlobalSection(ProjectConfigurationPlatforms) = postSolution
		{C5303545-988E-4001-93CF-17B516670596}.Debug|x64.ActiveCfg = Debug|x64
		{C5303545-988E-4001-93CF-17B516670596}.Debug|x64.Build.0 = Debug|x64
		{C5303545-988E-4001-93CF-17B516670596}.Debug|x86.ActiveCfg = Debug|Win32
		{C5303545-988E-4001-93CF-17B516670596}.Debug|x86.Build.0 = Debug|Win32
		{C5303545-988E-4001-93CF-17B516670596}.Release|x64.ActiveCfg = Release|x64
		{C5303545-988E-4001-93CF-17B516670596}.Release|x64.Build.0 = Release|x64
		{C5303545-988E-4001-93CF-17B516670596}.Release|x86.ActiveCfg = Release|Win32
		{C5303545-988E-4001-93CF-17B516670596}.Release|x86.Build.0 = Release|Win32
		{10A5F87F-385C-411B-83F9-3586F3200ADB}.Debug|x64.ActiveCfg = Debug|x64
		{10A5F87F-385C-411B-83F9-3586F3200ADB}.Debug|x64.Build.0 = Debug|x64
		{10A5F87F-385C-411B-83F9-3586F3200ADB}.Debug|x86.ActiveCfg = Debug|Win32
		{10A5F87F-385C-411B-83F9-3586F3200ADB}.Debug|x86.Build.0 = Debug|Win32
		{10A5F87F-385C-411B-83F9-3586F3200ADB}.Release|x64.ActiveCfg = Release|x64
		{10A5F87F-385C-411B-83F9-3586F3200ADB}.Release|x64.Build.0 = Release|x64
		{10A5F87F-385C-411B-83F9-3586F3200ADB}.Release|x86.ActiveCfg = Release|Win32
		{10A5F87F-385C-411B-83F9-3586F3200ADB}.Release|x86.Build.0 = Release|Win32
	EndGlobalSection
	GlobalSection(SolutionProperties) = preSolution
		HideSolutionNode = FALSE
	EndGlobalSection
	GlobalSection(ExtensibilityGlobals) = postSolution
		SolutionGuid = {4BBB9970-26BD-4684-A806-5E5173CED5E2}
	EndGlobalSection
EndGlobal
